// !$*UTF8*$!
{
	archiveVersion = 1;
	classes = {
	};
	objectVersion = 46;
	objects = {

/* Begin PBXBuildFile section */
		301ABCE617A5910C00F19F3C /* status-long-break.tiff in Resources */ = {isa = PBXBuildFile; fileRef = 301ABCE317A5910C00F19F3C /* status-long-break.tiff */; };
		301ABCE817A5910C00F19F3C /* status-short-break.tiff in Resources */ = {isa = PBXBuildFile; fileRef = 301ABCE517A5910C00F19F3C /* status-short-break.tiff */; };
		301ABCEF17A593AA00F19F3C /* start-pomodoro.tiff in Resources */ = {isa = PBXBuildFile; fileRef = 301ABCED17A593AA00F19F3C /* start-pomodoro.tiff */; };
		301ABCF017A593AA00F19F3C /* status-pomodoro.tiff in Resources */ = {isa = PBXBuildFile; fileRef = 301ABCEE17A593AA00F19F3C /* status-pomodoro.tiff */; };
		301ABCF217A5999400F19F3C /* clock.tiff in Resources */ = {isa = PBXBuildFile; fileRef = 301ABCF117A5999400F19F3C /* clock.tiff */; };
		301ABCFC17A5A8E100F19F3C /* PreferencesWindow.xib in Resources */ = {isa = PBXBuildFile; fileRef = 301ABCFB17A5A8E100F19F3C /* PreferencesWindow.xib */; };
		301ABCFF17A5AAC900F19F3C /* PreferencesWindowController.m in Sources */ = {isa = PBXBuildFile; fileRef = 301ABCFE17A5AAC900F19F3C /* PreferencesWindowController.m */; };
		301ABD0217A5C48500F19F3C /* Preferences.m in Sources */ = {isa = PBXBuildFile; fileRef = 301ABD0117A5C48500F19F3C /* Preferences.m */; };
		301ABD0717A6016D00F19F3C /* crank.wav in Resources */ = {isa = PBXBuildFile; fileRef = 301ABD0417A6016D00F19F3C /* crank.wav */; };
		301ABD0817A6016D00F19F3C /* deskbell.wav in Resources */ = {isa = PBXBuildFile; fileRef = 301ABD0517A6016D00F19F3C /* deskbell.wav */; };
		301ABD0917A6016D00F19F3C /* tictac.wav in Resources */ = {isa = PBXBuildFile; fileRef = 301ABD0617A6016D00F19F3C /* tictac.wav */; };
		301ABD0C17A602E800F19F3C /* Sounds.m in Sources */ = {isa = PBXBuildFile; fileRef = 301ABD0B17A602E800F19F3C /* Sounds.m */; };
		3025F55717A7299000970DA9 /* Tomighty.m in Sources */ = {isa = PBXBuildFile; fileRef = 3025F55617A7299000970DA9 /* Tomighty.m */; };
		3025F55A17A74A6100970DA9 /* TimerContext.m in Sources */ = {isa = PBXBuildFile; fileRef = 3025F55917A74A6100970DA9 /* TimerContext.m */; };
		30429410179F2CD3008CB481 /* status-normal.tiff in Resources */ = {isa = PBXBuildFile; fileRef = 3042940E179F2CD3008CB481 /* status-normal.tiff */; };
		30AA857217A154C400F4ADC6 /* tomighty.icns in Resources */ = {isa = PBXBuildFile; fileRef = 30AA857117A154C400F4ADC6 /* tomighty.icns */; };
		30B829CF17A0AC1500DFC201 /* Timer.m in Sources */ = {isa = PBXBuildFile; fileRef = 30B829CE17A0AC1500DFC201 /* Timer.m */; };
		30B829D417A0CCD000DFC201 /* status-white.tiff in Resources */ = {isa = PBXBuildFile; fileRef = 30B829D317A0CCD000DFC201 /* status-white.tiff */; };
		30F01AFC179EC3F00061D183 /* Cocoa.framework in Frameworks */ = {isa = PBXBuildFile; fileRef = 30F01AFB179EC3F00061D183 /* Cocoa.framework */; };
		30F01B06179EC3F00061D183 /* InfoPlist.strings in Resources */ = {isa = PBXBuildFile; fileRef = 30F01B04179EC3F00061D183 /* InfoPlist.strings */; };
		30F01B08179EC3F00061D183 /* main.m in Sources */ = {isa = PBXBuildFile; fileRef = 30F01B07179EC3F00061D183 /* main.m */; };
		30F01B0C179EC3F00061D183 /* Credits.rtf in Resources */ = {isa = PBXBuildFile; fileRef = 30F01B0A179EC3F00061D183 /* Credits.rtf */; };
		30F01B0F179EC3F00061D183 /* AppDelegate.m in Sources */ = {isa = PBXBuildFile; fileRef = 30F01B0E179EC3F00061D183 /* AppDelegate.m */; };
		30F01B12179EC3F10061D183 /* MainMenu.xib in Resources */ = {isa = PBXBuildFile; fileRef = 30F01B10179EC3F10061D183 /* MainMenu.xib */; };
		30F01B1E179EDBD70061D183 /* StatusIcon.m in Sources */ = {isa = PBXBuildFile; fileRef = 30F01B1D179EDBD70061D183 /* StatusIcon.m */; };
		30FA9D9F17A586A0005D0A80 /* start-long-break.tiff in Resources */ = {isa = PBXBuildFile; fileRef = 30FA9D9B17A586A0005D0A80 /* start-long-break.tiff */; };
		30FA9DA117A586A0005D0A80 /* start-short-break.tiff in Resources */ = {isa = PBXBuildFile; fileRef = 30FA9D9D17A586A0005D0A80 /* start-short-break.tiff */; };
		30FA9DA417A587CB005D0A80 /* stop.tiff in Resources */ = {isa = PBXBuildFile; fileRef = 30FA9DA317A587CB005D0A80 /* stop.tiff */; };
/* End PBXBuildFile section */

/* Begin PBXFileReference section */
		301ABCE317A5910C00F19F3C /* status-long-break.tiff */ = {isa = PBXFileReference; lastKnownFileType = image.tiff; path = "status-long-break.tiff"; sourceTree = "<group>"; };
		301ABCE517A5910C00F19F3C /* status-short-break.tiff */ = {isa = PBXFileReference; lastKnownFileType = image.tiff; path = "status-short-break.tiff"; sourceTree = "<group>"; };
		301ABCED17A593AA00F19F3C /* start-pomodoro.tiff */ = {isa = PBXFileReference; lastKnownFileType = image.tiff; path = "start-pomodoro.tiff"; sourceTree = "<group>"; };
		301ABCEE17A593AA00F19F3C /* status-pomodoro.tiff */ = {isa = PBXFileReference; lastKnownFileType = image.tiff; path = "status-pomodoro.tiff"; sourceTree = "<group>"; };
		301ABCF117A5999400F19F3C /* clock.tiff */ = {isa = PBXFileReference; lastKnownFileType = image.tiff; path = clock.tiff; sourceTree = "<group>"; };
		301ABCFB17A5A8E100F19F3C /* PreferencesWindow.xib */ = {isa = PBXFileReference; fileEncoding = 4; lastKnownFileType = file.xib; path = PreferencesWindow.xib; sourceTree = "<group>"; };
		301ABCFD17A5AAC900F19F3C /* PreferencesWindowController.h */ = {isa = PBXFileReference; fileEncoding = 4; lastKnownFileType = sourcecode.c.h; path = PreferencesWindowController.h; sourceTree = "<group>"; };
		301ABCFE17A5AAC900F19F3C /* PreferencesWindowController.m */ = {isa = PBXFileReference; fileEncoding = 4; lastKnownFileType = sourcecode.c.objc; path = PreferencesWindowController.m; sourceTree = "<group>"; };
		301ABD0017A5C48500F19F3C /* Preferences.h */ = {isa = PBXFileReference; fileEncoding = 4; lastKnownFileType = sourcecode.c.h; path = Preferences.h; sourceTree = "<group>"; };
		301ABD0117A5C48500F19F3C /* Preferences.m */ = {isa = PBXFileReference; fileEncoding = 4; lastKnownFileType = sourcecode.c.objc; path = Preferences.m; sourceTree = "<group>"; };
		301ABD0417A6016D00F19F3C /* crank.wav */ = {isa = PBXFileReference; lastKnownFileType = audio.wav; path = crank.wav; sourceTree = "<group>"; };
		301ABD0517A6016D00F19F3C /* deskbell.wav */ = {isa = PBXFileReference; lastKnownFileType = audio.wav; path = deskbell.wav; sourceTree = "<group>"; };
		301ABD0617A6016D00F19F3C /* tictac.wav */ = {isa = PBXFileReference; lastKnownFileType = audio.wav; path = tictac.wav; sourceTree = "<group>"; };
		301ABD0A17A602E800F19F3C /* Sounds.h */ = {isa = PBXFileReference; fileEncoding = 4; lastKnownFileType = sourcecode.c.h; path = Sounds.h; sourceTree = "<group>"; };
		301ABD0B17A602E800F19F3C /* Sounds.m */ = {isa = PBXFileReference; fileEncoding = 4; lastKnownFileType = sourcecode.c.objc; path = Sounds.m; sourceTree = "<group>"; };
		3025F55517A7299000970DA9 /* Tomighty.h */ = {isa = PBXFileReference; fileEncoding = 4; lastKnownFileType = sourcecode.c.h; path = Tomighty.h; sourceTree = "<group>"; };
		3025F55617A7299000970DA9 /* Tomighty.m */ = {isa = PBXFileReference; fileEncoding = 4; lastKnownFileType = sourcecode.c.objc; path = Tomighty.m; sourceTree = "<group>"; };
		3025F55817A74A6100970DA9 /* TimerContext.h */ = {isa = PBXFileReference; fileEncoding = 4; lastKnownFileType = sourcecode.c.h; path = TimerContext.h; sourceTree = "<group>"; };
		3025F55917A74A6100970DA9 /* TimerContext.m */ = {isa = PBXFileReference; fileEncoding = 4; lastKnownFileType = sourcecode.c.objc; path = TimerContext.m; sourceTree = "<group>"; };
		3042940E179F2CD3008CB481 /* status-normal.tiff */ = {isa = PBXFileReference; lastKnownFileType = image.tiff; path = "status-normal.tiff"; sourceTree = "<group>"; };
		30AA857117A154C400F4ADC6 /* tomighty.icns */ = {isa = PBXFileReference; lastKnownFileType = image.icns; path = tomighty.icns; sourceTree = "<group>"; };
		30B829CD17A0AC1500DFC201 /* Timer.h */ = {isa = PBXFileReference; fileEncoding = 4; lastKnownFileType = sourcecode.c.h; path = Timer.h; sourceTree = "<group>"; };
		30B829CE17A0AC1500DFC201 /* Timer.m */ = {isa = PBXFileReference; fileEncoding = 4; lastKnownFileType = sourcecode.c.objc; path = Timer.m; sourceTree = "<group>"; };
		30B829D017A0BF2500DFC201 /* TimerListener.h */ = {isa = PBXFileReference; lastKnownFileType = sourcecode.c.h; path = TimerListener.h; sourceTree = "<group>"; };
		30B829D317A0CCD000DFC201 /* status-white.tiff */ = {isa = PBXFileReference; lastKnownFileType = image.tiff; path = "status-white.tiff"; sourceTree = "<group>"; };
		30F01AF8179EC3F00061D183 /* Tomighty.app */ = {isa = PBXFileReference; explicitFileType = wrapper.application; includeInIndex = 0; path = Tomighty.app; sourceTree = BUILT_PRODUCTS_DIR; };
		30F01AFB179EC3F00061D183 /* Cocoa.framework */ = {isa = PBXFileReference; lastKnownFileType = wrapper.framework; name = Cocoa.framework; path = System/Library/Frameworks/Cocoa.framework; sourceTree = SDKROOT; };
		30F01AFE179EC3F00061D183 /* AppKit.framework */ = {isa = PBXFileReference; lastKnownFileType = wrapper.framework; name = AppKit.framework; path = System/Library/Frameworks/AppKit.framework; sourceTree = SDKROOT; };
		30F01AFF179EC3F00061D183 /* CoreData.framework */ = {isa = PBXFileReference; lastKnownFileType = wrapper.framework; name = CoreData.framework; path = System/Library/Frameworks/CoreData.framework; sourceTree = SDKROOT; };
		30F01B00179EC3F00061D183 /* Foundation.framework */ = {isa = PBXFileReference; lastKnownFileType = wrapper.framework; name = Foundation.framework; path = System/Library/Frameworks/Foundation.framework; sourceTree = SDKROOT; };
		30F01B03179EC3F00061D183 /* Tomighty-Info.plist */ = {isa = PBXFileReference; lastKnownFileType = text.plist.xml; path = "Tomighty-Info.plist"; sourceTree = "<group>"; };
		30F01B05179EC3F00061D183 /* en */ = {isa = PBXFileReference; lastKnownFileType = text.plist.strings; name = en; path = en.lproj/InfoPlist.strings; sourceTree = "<group>"; };
		30F01B07179EC3F00061D183 /* main.m */ = {isa = PBXFileReference; lastKnownFileType = sourcecode.c.objc; path = main.m; sourceTree = "<group>"; };
		30F01B09179EC3F00061D183 /* Tomighty-Prefix.pch */ = {isa = PBXFileReference; lastKnownFileType = sourcecode.c.h; path = "Tomighty-Prefix.pch"; sourceTree = "<group>"; };
		30F01B0B179EC3F00061D183 /* en */ = {isa = PBXFileReference; lastKnownFileType = text.rtf; name = en; path = en.lproj/Credits.rtf; sourceTree = "<group>"; };
		30F01B0D179EC3F00061D183 /* AppDelegate.h */ = {isa = PBXFileReference; lastKnownFileType = sourcecode.c.h; path = AppDelegate.h; sourceTree = "<group>"; };
		30F01B0E179EC3F00061D183 /* AppDelegate.m */ = {isa = PBXFileReference; lastKnownFileType = sourcecode.c.objc; path = AppDelegate.m; sourceTree = "<group>"; };
		30F01B11179EC3F10061D183 /* en */ = {isa = PBXFileReference; lastKnownFileType = file.xib; name = en; path = en.lproj/MainMenu.xib; sourceTree = "<group>"; };
		30F01B1C179EDBD70061D183 /* StatusIcon.h */ = {isa = PBXFileReference; fileEncoding = 4; lastKnownFileType = sourcecode.c.h; path = StatusIcon.h; sourceTree = "<group>"; };
		30F01B1D179EDBD70061D183 /* StatusIcon.m */ = {isa = PBXFileReference; fileEncoding = 4; lastKnownFileType = sourcecode.c.objc; path = StatusIcon.m; sourceTree = "<group>"; };
		30FA9D9B17A586A0005D0A80 /* start-long-break.tiff */ = {isa = PBXFileReference; lastKnownFileType = image.tiff; path = "start-long-break.tiff"; sourceTree = "<group>"; };
		30FA9D9D17A586A0005D0A80 /* start-short-break.tiff */ = {isa = PBXFileReference; lastKnownFileType = image.tiff; path = "start-short-break.tiff"; sourceTree = "<group>"; };
		30FA9DA317A587CB005D0A80 /* stop.tiff */ = {isa = PBXFileReference; lastKnownFileType = image.tiff; path = stop.tiff; sourceTree = "<group>"; };
/* End PBXFileReference section */

/* Begin PBXFrameworksBuildPhase section */
		30F01AF5179EC3F00061D183 /* Frameworks */ = {
			isa = PBXFrameworksBuildPhase;
			buildActionMask = 2147483647;
			files = (
				30F01AFC179EC3F00061D183 /* Cocoa.framework in Frameworks */,
			);
			runOnlyForDeploymentPostprocessing = 0;
		};
/* End PBXFrameworksBuildPhase section */

/* Begin PBXGroup section */
		301ABCF317A5A53300F19F3C /* Icons */ = {
			isa = PBXGroup;
			children = (
				301ABCF117A5999400F19F3C /* clock.tiff */,
				301ABCED17A593AA00F19F3C /* start-pomodoro.tiff */,
				301ABCEE17A593AA00F19F3C /* status-pomodoro.tiff */,
				301ABCE317A5910C00F19F3C /* status-long-break.tiff */,
				301ABCE517A5910C00F19F3C /* status-short-break.tiff */,
				30FA9DA317A587CB005D0A80 /* stop.tiff */,
				30FA9D9B17A586A0005D0A80 /* start-long-break.tiff */,
				30FA9D9D17A586A0005D0A80 /* start-short-break.tiff */,
				30B829D317A0CCD000DFC201 /* status-white.tiff */,
				3042940E179F2CD3008CB481 /* status-normal.tiff */,
			);
			name = Icons;
			sourceTree = "<group>";
		};
		301ABCF417A5A6B500F19F3C /* Core */ = {
			isa = PBXGroup;
			children = (
				30F01B1C179EDBD70061D183 /* StatusIcon.h */,
				30F01B1D179EDBD70061D183 /* StatusIcon.m */,
				30B829CD17A0AC1500DFC201 /* Timer.h */,
				30B829CE17A0AC1500DFC201 /* Timer.m */,
				30B829D017A0BF2500DFC201 /* TimerListener.h */,
				301ABD0017A5C48500F19F3C /* Preferences.h */,
				301ABD0117A5C48500F19F3C /* Preferences.m */,
				301ABD0A17A602E800F19F3C /* Sounds.h */,
				301ABD0B17A602E800F19F3C /* Sounds.m */,
				3025F55517A7299000970DA9 /* Tomighty.h */,
				3025F55617A7299000970DA9 /* Tomighty.m */,
				3025F55817A74A6100970DA9 /* TimerContext.h */,
				3025F55917A74A6100970DA9 /* TimerContext.m */,
			);
			name = Core;
			sourceTree = "<group>";
		};
		301ABD0317A6015D00F19F3C /* Sounds */ = {
			isa = PBXGroup;
			children = (
				301ABD0417A6016D00F19F3C /* crank.wav */,
				301ABD0517A6016D00F19F3C /* deskbell.wav */,
				301ABD0617A6016D00F19F3C /* tictac.wav */,
			);
			name = Sounds;
			sourceTree = "<group>";
		};
		30F01AEF179EC3F00061D183 = {
			isa = PBXGroup;
			children = (
				30AA857117A154C400F4ADC6 /* tomighty.icns */,
				30F01B01179EC3F00061D183 /* Tomighty */,
				30F01AFA179EC3F00061D183 /* Frameworks */,
				30F01AF9179EC3F00061D183 /* Products */,
			);
			sourceTree = "<group>";
		};
		30F01AF9179EC3F00061D183 /* Products */ = {
			isa = PBXGroup;
			children = (
				30F01AF8179EC3F00061D183 /* Tomighty.app */,
			);
			name = Products;
			sourceTree = "<group>";
		};
		30F01AFA179EC3F00061D183 /* Frameworks */ = {
			isa = PBXGroup;
			children = (
				30F01AFB179EC3F00061D183 /* Cocoa.framework */,
				30F01AFD179EC3F00061D183 /* Other Frameworks */,
			);
			name = Frameworks;
			sourceTree = "<group>";
		};
		30F01AFD179EC3F00061D183 /* Other Frameworks */ = {
			isa = PBXGroup;
			children = (
				30F01AFE179EC3F00061D183 /* AppKit.framework */,
				30F01AFF179EC3F00061D183 /* CoreData.framework */,
				30F01B00179EC3F00061D183 /* Foundation.framework */,
			);
			name = "Other Frameworks";
			sourceTree = "<group>";
		};
		30F01B01179EC3F00061D183 /* Tomighty */ = {
			isa = PBXGroup;
			children = (
				301ABD0317A6015D00F19F3C /* Sounds */,
				301ABCF317A5A53300F19F3C /* Icons */,
				30F01B0D179EC3F00061D183 /* AppDelegate.h */,
				30F01B0E179EC3F00061D183 /* AppDelegate.m */,
				30F01B10179EC3F10061D183 /* MainMenu.xib */,
				30F01B02179EC3F00061D183 /* Supporting Files */,
				301ABCF417A5A6B500F19F3C /* Core */,
				301ABCFB17A5A8E100F19F3C /* PreferencesWindow.xib */,
				301ABCFD17A5AAC900F19F3C /* PreferencesWindowController.h */,
				301ABCFE17A5AAC900F19F3C /* PreferencesWindowController.m */,
			);
			path = Tomighty;
			sourceTree = "<group>";
		};
		30F01B02179EC3F00061D183 /* Supporting Files */ = {
			isa = PBXGroup;
			children = (
				30F01B03179EC3F00061D183 /* Tomighty-Info.plist */,
				30F01B04179EC3F00061D183 /* InfoPlist.strings */,
				30F01B07179EC3F00061D183 /* main.m */,
				30F01B09179EC3F00061D183 /* Tomighty-Prefix.pch */,
				30F01B0A179EC3F00061D183 /* Credits.rtf */,
			);
			name = "Supporting Files";
			sourceTree = "<group>";
		};
/* End PBXGroup section */

/* Begin PBXNativeTarget section */
		30F01AF7179EC3F00061D183 /* Tomighty */ = {
			isa = PBXNativeTarget;
			buildConfigurationList = 30F01B15179EC3F10061D183 /* Build configuration list for PBXNativeTarget "Tomighty" */;
			buildPhases = (
				30F01AF4179EC3F00061D183 /* Sources */,
				30F01AF5179EC3F00061D183 /* Frameworks */,
				30F01AF6179EC3F00061D183 /* Resources */,
			);
			buildRules = (
			);
			dependencies = (
			);
			name = Tomighty;
			productName = Tomighty;
			productReference = 30F01AF8179EC3F00061D183 /* Tomighty.app */;
			productType = "com.apple.product-type.application";
		};
/* End PBXNativeTarget section */

/* Begin PBXProject section */
		30F01AF0179EC3F00061D183 /* Project object */ = {
			isa = PBXProject;
			attributes = {
				LastUpgradeCheck = 0460;
				ORGANIZATIONNAME = "Célio Cidral Jr";
			};
			buildConfigurationList = 30F01AF3179EC3F00061D183 /* Build configuration list for PBXProject "Tomighty" */;
			compatibilityVersion = "Xcode 3.2";
			developmentRegion = English;
			hasScannedForEncodings = 0;
			knownRegions = (
				en,
			);
			mainGroup = 30F01AEF179EC3F00061D183;
			productRefGroup = 30F01AF9179EC3F00061D183 /* Products */;
			projectDirPath = "";
			projectRoot = "";
			targets = (
				30F01AF7179EC3F00061D183 /* Tomighty */,
			);
		};
/* End PBXProject section */

/* Begin PBXResourcesBuildPhase section */
		30F01AF6179EC3F00061D183 /* Resources */ = {
			isa = PBXResourcesBuildPhase;
			buildActionMask = 2147483647;
			files = (
				30F01B06179EC3F00061D183 /* InfoPlist.strings in Resources */,
				30F01B0C179EC3F00061D183 /* Credits.rtf in Resources */,
				30F01B12179EC3F10061D183 /* MainMenu.xib in Resources */,
				30429410179F2CD3008CB481 /* status-normal.tiff in Resources */,
				30B829D417A0CCD000DFC201 /* status-white.tiff in Resources */,
				30AA857217A154C400F4ADC6 /* tomighty.icns in Resources */,
				30FA9D9F17A586A0005D0A80 /* start-long-break.tiff in Resources */,
				30FA9DA117A586A0005D0A80 /* start-short-break.tiff in Resources */,
				30FA9DA417A587CB005D0A80 /* stop.tiff in Resources */,
				301ABCE617A5910C00F19F3C /* status-long-break.tiff in Resources */,
				301ABCE817A5910C00F19F3C /* status-short-break.tiff in Resources */,
				301ABCEF17A593AA00F19F3C /* start-pomodoro.tiff in Resources */,
				301ABCF017A593AA00F19F3C /* status-pomodoro.tiff in Resources */,
				301ABCF217A5999400F19F3C /* clock.tiff in Resources */,
				301ABCFC17A5A8E100F19F3C /* PreferencesWindow.xib in Resources */,
				301ABD0717A6016D00F19F3C /* crank.wav in Resources */,
				301ABD0817A6016D00F19F3C /* deskbell.wav in Resources */,
				301ABD0917A6016D00F19F3C /* tictac.wav in Resources */,
			);
			runOnlyForDeploymentPostprocessing = 0;
		};
/* End PBXResourcesBuildPhase section */

/* Begin PBXSourcesBuildPhase section */
		30F01AF4179EC3F00061D183 /* Sources */ = {
			isa = PBXSourcesBuildPhase;
			buildActionMask = 2147483647;
			files = (
				30F01B08179EC3F00061D183 /* main.m in Sources */,
				30F01B0F179EC3F00061D183 /* AppDelegate.m in Sources */,
				30F01B1E179EDBD70061D183 /* StatusIcon.m in Sources */,
				30B829CF17A0AC1500DFC201 /* Timer.m in Sources */,
				301ABCFF17A5AAC900F19F3C /* PreferencesWindowController.m in Sources */,
				301ABD0217A5C48500F19F3C /* Preferences.m in Sources */,
				301ABD0C17A602E800F19F3C /* Sounds.m in Sources */,
				3025F55717A7299000970DA9 /* Tomighty.m in Sources */,
				3025F55A17A74A6100970DA9 /* TimerContext.m in Sources */,
			);
			runOnlyForDeploymentPostprocessing = 0;
		};
/* End PBXSourcesBuildPhase section */

/* Begin PBXVariantGroup section */
		30F01B04179EC3F00061D183 /* InfoPlist.strings */ = {
			isa = PBXVariantGroup;
			children = (
				30F01B05179EC3F00061D183 /* en */,
			);
			name = InfoPlist.strings;
			sourceTree = "<group>";
		};
		30F01B0A179EC3F00061D183 /* Credits.rtf */ = {
			isa = PBXVariantGroup;
			children = (
				30F01B0B179EC3F00061D183 /* en */,
			);
			name = Credits.rtf;
			sourceTree = "<group>";
		};
		30F01B10179EC3F10061D183 /* MainMenu.xib */ = {
			isa = PBXVariantGroup;
			children = (
				30F01B11179EC3F10061D183 /* en */,
			);
			name = MainMenu.xib;
			sourceTree = "<group>";
		};
/* End PBXVariantGroup section */

/* Begin XCBuildConfiguration section */
		30F01B13179EC3F10061D183 /* Debug */ = {
			isa = XCBuildConfiguration;
			buildSettings = {
				ALWAYS_SEARCH_USER_PATHS = NO;
				ARCHS = "$(ARCHS_STANDARD_64_BIT)";
				CLANG_CXX_LANGUAGE_STANDARD = "gnu++0x";
				CLANG_CXX_LIBRARY = "libc++";
				CLANG_ENABLE_OBJC_ARC = YES;
				CLANG_WARN_CONSTANT_CONVERSION = YES;
				CLANG_WARN_EMPTY_BODY = YES;
				CLANG_WARN_ENUM_CONVERSION = YES;
				CLANG_WARN_INT_CONVERSION = YES;
				CLANG_WARN__DUPLICATE_METHOD_MATCH = YES;
				COPY_PHASE_STRIP = NO;
				GCC_C_LANGUAGE_STANDARD = gnu99;
				GCC_DYNAMIC_NO_PIC = NO;
				GCC_ENABLE_OBJC_EXCEPTIONS = YES;
				GCC_OPTIMIZATION_LEVEL = 0;
				GCC_PREPROCESSOR_DEFINITIONS = (
					"DEBUG=1",
					"$(inherited)",
				);
				GCC_SYMBOLS_PRIVATE_EXTERN = NO;
				GCC_WARN_64_TO_32_BIT_CONVERSION = YES;
				GCC_WARN_ABOUT_RETURN_TYPE = YES;
				GCC_WARN_UNINITIALIZED_AUTOS = YES;
				GCC_WARN_UNUSED_VARIABLE = YES;
				MACOSX_DEPLOYMENT_TARGET = 10.8;
				ONLY_ACTIVE_ARCH = YES;
				SDKROOT = macosx;
			};
			name = Debug;
		};
		30F01B14179EC3F10061D183 /* Release */ = {
			isa = XCBuildConfiguration;
			buildSettings = {
				ALWAYS_SEARCH_USER_PATHS = NO;
				ARCHS = "$(ARCHS_STANDARD_64_BIT)";
				CLANG_CXX_LANGUAGE_STANDARD = "gnu++0x";
				CLANG_CXX_LIBRARY = "libc++";
				CLANG_ENABLE_OBJC_ARC = YES;
				CLANG_WARN_CONSTANT_CONVERSION = YES;
				CLANG_WARN_EMPTY_BODY = YES;
				CLANG_WARN_ENUM_CONVERSION = YES;
				CLANG_WARN_INT_CONVERSION = YES;
				CLANG_WARN__DUPLICATE_METHOD_MATCH = YES;
				COPY_PHASE_STRIP = YES;
				DEBUG_INFORMATION_FORMAT = "dwarf-with-dsym";
				GCC_C_LANGUAGE_STANDARD = gnu99;
				GCC_ENABLE_OBJC_EXCEPTIONS = YES;
				GCC_WARN_64_TO_32_BIT_CONVERSION = YES;
				GCC_WARN_ABOUT_RETURN_TYPE = YES;
				GCC_WARN_UNINITIALIZED_AUTOS = YES;
				GCC_WARN_UNUSED_VARIABLE = YES;
				MACOSX_DEPLOYMENT_TARGET = 10.8;
				SDKROOT = macosx;
			};
			name = Release;
		};
		30F01B16179EC3F10061D183 /* Debug */ = {
			isa = XCBuildConfiguration;
			buildSettings = {
				COMBINE_HIDPI_IMAGES = YES;
				GCC_PRECOMPILE_PREFIX_HEADER = YES;
				GCC_PREFIX_HEADER = "Tomighty/Tomighty-Prefix.pch";
				INFOPLIST_FILE = "Tomighty/Tomighty-Info.plist";
				MACOSX_DEPLOYMENT_TARGET = 10.7;
				ONLY_ACTIVE_ARCH = NO;
				PRODUCT_NAME = "$(TARGET_NAME)";
				WRAPPER_EXTENSION = app;
			};
			name = Debug;
		};
		30F01B17179EC3F10061D183 /* Release */ = {
			isa = XCBuildConfiguration;
			buildSettings = {
				COMBINE_HIDPI_IMAGES = YES;
				GCC_PRECOMPILE_PREFIX_HEADER = YES;
				GCC_PREFIX_HEADER = "Tomighty/Tomighty-Prefix.pch";
				INFOPLIST_FILE = "Tomighty/Tomighty-Info.plist";
				MACOSX_DEPLOYMENT_TARGET = 10.7;
				ONLY_ACTIVE_ARCH = YES;
				PRODUCT_NAME = "$(TARGET_NAME)";
				WRAPPER_EXTENSION = app;
			};
			name = Release;
		};
/* End XCBuildConfiguration section */

/* Begin XCConfigurationList section */
		30F01AF3179EC3F00061D183 /* Build configuration list for PBXProject "Tomighty" */ = {
			isa = XCConfigurationList;
			buildConfigurations = (
				30F01B13179EC3F10061D183 /* Debug */,
				30F01B14179EC3F10061D183 /* Release */,
			);
			defaultConfigurationIsVisible = 0;
			defaultConfigurationName = Release;
		};
		30F01B15179EC3F10061D183 /* Build configuration list for PBXNativeTarget "Tomighty" */ = {
			isa = XCConfigurationList;
			buildConfigurations = (
				30F01B16179EC3F10061D183 /* Debug */,
				30F01B17179EC3F10061D183 /* Release */,
			);
			defaultConfigurationIsVisible = 0;
			defaultConfigurationName = Release;
		};
/* End XCConfigurationList section */
	};
	rootObject = 30F01AF0179EC3F00061D183 /* Project object */;
}
